
Microsoft Visual Studio Solution File, Format Version 12.00
# Visual Studio 15
VisualStudioVersion = 15.0.27428.2015
MinimumVisualStudioVersion = 10.0.40219.1
Project("{FAE04EC0-301F-11D3-BF4B-00C04F79EFBC}") = "UserDataForms", "UserDataForms\UserDataForms.csproj", "{EA0EAA0D-31F4-48A7-AAC4-404AE1584271}"
EndProject
Global
	GlobalSection(SolutionConfigurationPlatforms) = preSolution
		Debug|Any CPU = Debug|Any CPU
		Release|Any CPU = Release|Any CPU
	EndGlobalSection
	GlobalSection(ProjectConfigurationPlatforms) = postSolution
		{EA0EAA0D-31F4-48A7-AAC4-404AE1584271}.Debug|Any CPU.ActiveCfg = Debug|Any CPU
		{EA0EAA0D-31F4-48A7-AAC4-404AE1584271}.Debug|Any CPU.Build.0 = Debug|Any CPU
		{EA0EAA0D-31F4-48A7-AAC4-404AE1584271}.Release|Any CPU.ActiveCfg = Release|Any CPU
		{EA0EAA0D-31F4-48A7-AAC4-404AE1584271}.Release|Any CPU.Build.0 = Release|Any CPU
	EndGlobalSection
	GlobalSection(SolutionProperties) = preSolution
		HideSolutionNode = FALSE
	EndGlobalSection
	GlobalSection(ExtensibilityGlobals) = postSolution
		SolutionGuid = {506381D4-B32D-4D16-B1E1-45D55E4D83C5}
	EndGlobalSection
EndGlobal
